
Microsoft Visual Studio Solution File, Format Version 12.00
# Visual Studio Version 16
VisualStudioVersion = 16.0.810.0
MinimumVisualStudioVersion = 10.0.40219.1
Project("{FAE04EC0-301F-11D3-BF4B-00C04F79EFBC}") = "MethodExercise", "MethodExercise\MethodExercise.csproj", "{3922AC66-378D-43ED-A955-4FA9B1C25D2F}"
EndProject
Global
	GlobalSection(SolutionConfigurationPlatforms) = preSolution
		Debug|Any CPU = Debug|Any CPU
		Release|Any CPU = Release|Any CPU
	EndGlobalSection
	GlobalSection(ProjectConfigurationPlatforms) = postSolution
		{3922AC66-378D-43ED-A955-4FA9B1C25D2F}.Debug|Any CPU.ActiveCfg = Debug|Any CPU
		{3922AC66-378D-43ED-A955-4FA9B1C25D2F}.Debug|Any CPU.Build.0 = Debug|Any CPU
		{3922AC66-378D-43ED-A955-4FA9B1C25D2F}.Release|Any CPU.ActiveCfg = Release|Any CPU
		{3922AC66-378D-43ED-A955-4FA9B1C25D2F}.Release|Any CPU.Build.0 = Release|Any CPU
	EndGlobalSection
	GlobalSection(SolutionProperties) = preSolution
		HideSolutionNode = FALSE
	EndGlobalSection
	GlobalSection(ExtensibilityGlobals) = postSolution
		SolutionGuid = {BC061741-EA8D-4209-8B58-2B109B2A9DED}
	EndGlobalSection
EndGlobal
